// !$*UTF8*$!
{
	archiveVersion = 1;
	classes = {
	};
	objectVersion = 48;
	objects = {

/* Begin PBXBuildFile section */
		3D8D3BEBA07BFEE361AB7D77 /* libPods-WKFinanceDemo.a in Frameworks */ = {isa = PBXBuildFile; fileRef = AA92B46A21547A198677FA8D /* libPods-WKFinanceDemo.a */; };
		EA2BA0A51FF0C29F00768E2F /* WKModulePlatformIntroCell.m in Sources */ = {isa = PBXBuildFile; fileRef = EA2BA0A31FF0C29F00768E2F /* WKModulePlatformIntroCell.m */; };
		EA2BA0A61FF0C29F00768E2F /* WKModulePlatformIntroCell.xib in Resources */ = {isa = PBXBuildFile; fileRef = EA2BA0A41FF0C29F00768E2F /* WKModulePlatformIntroCell.xib */; };
		EA2BA0AB1FF0D5C200768E2F /* wk_module_platform@2x.png in Resources */ = {isa = PBXBuildFile; fileRef = EA2BA0A71FF0D5C100768E2F /* wk_module_platform@2x.png */; };
		EA2BA0AC1FF0D5C200768E2F /* wk_module_platform@3x.png in Resources */ = {isa = PBXBuildFile; fileRef = EA2BA0A81FF0D5C100768E2F /* wk_module_platform@3x.png */; };
		EA2BA0AD1FF0D5C200768E2F /* wk_module_safelogo@2x.png in Resources */ = {isa = PBXBuildFile; fileRef = EA2BA0A91FF0D5C100768E2F /* wk_module_safelogo@2x.png */; };
		EA2BA0AE1FF0D5C200768E2F /* wk_module_safelogo@3x.png in Resources */ = {isa = PBXBuildFile; fileRef = EA2BA0AA1FF0D5C100768E2F /* wk_module_safelogo@3x.png */; };
		EA2BA0B21FF0DA4200768E2F /* WKUserInfoManager.m in Sources */ = {isa = PBXBuildFile; fileRef = EA2BA0B11FF0DA4200768E2F /* WKUserInfoManager.m */; };
		EA2BA0B51FF0DDE500768E2F /* wk_module_newad@3x.png in Resources */ = {isa = PBXBuildFile; fileRef = EA2BA0B31FF0DDE300768E2F /* wk_module_newad@3x.png */; };
		EA2BA0B61FF0DDE500768E2F /* wk_module_newad@2x.png in Resources */ = {isa = PBXBuildFile; fileRef = EA2BA0B41FF0DDE400768E2F /* wk_module_newad@2x.png */; };
		EA2BA0BA1FF0DE7A00768E2F /* WKModuleAdImageDataSource.m in Sources */ = {isa = PBXBuildFile; fileRef = EA2BA0B91FF0DE7A00768E2F /* WKModuleAdImageDataSource.m */; };
		EA2BA0BE1FF0DEF400768E2F /* WKModuleAdImageCell.m in Sources */ = {isa = PBXBuildFile; fileRef = EA2BA0BC1FF0DEF400768E2F /* WKModuleAdImageCell.m */; };
		EA2BA0BF1FF0DEF400768E2F /* WKModuleAdImageCell.xib in Resources */ = {isa = PBXBuildFile; fileRef = EA2BA0BD1FF0DEF400768E2F /* WKModuleAdImageCell.xib */; };
		EA2BA0C21FF0DF7600768E2F /* WKModuleAdImageCellHelper.m in Sources */ = {isa = PBXBuildFile; fileRef = EA2BA0C11FF0DF7600768E2F /* WKModuleAdImageCellHelper.m */; };
		EA2BA0C61FF0ED1F00768E2F /* WKModuleProductCell.m in Sources */ = {isa = PBXBuildFile; fileRef = EA2BA0C41FF0ED1F00768E2F /* WKModuleProductCell.m */; };
		EA2BA0C71FF0ED1F00768E2F /* WKModuleProductCell.xib in Resources */ = {isa = PBXBuildFile; fileRef = EA2BA0C51FF0ED1F00768E2F /* WKModuleProductCell.xib */; };
		EA2BA0CB1FF0F23B00768E2F /* WKModuleBottomTipDataSource.m in Sources */ = {isa = PBXBuildFile; fileRef = EA2BA0CA1FF0F23B00768E2F /* WKModuleBottomTipDataSource.m */; };
		EA2BA0CF1FF0F26900768E2F /* WKModuleBottomTipCell.m in Sources */ = {isa = PBXBuildFile; fileRef = EA2BA0CD1FF0F26900768E2F /* WKModuleBottomTipCell.m */; };
		EA2BA0D01FF0F26900768E2F /* WKModuleBottomTipCell.xib in Resources */ = {isa = PBXBuildFile; fileRef = EA2BA0CE1FF0F26900768E2F /* WKModuleBottomTipCell.xib */; };
		EA2BA0D31FF0F2AC00768E2F /* WKModuleBottomTipCellHelper.m in Sources */ = {isa = PBXBuildFile; fileRef = EA2BA0D21FF0F2AC00768E2F /* WKModuleBottomTipCellHelper.m */; };
		EA2BA0D61FF0FF4300768E2F /* WKModuleProductCellHelper.m in Sources */ = {isa = PBXBuildFile; fileRef = EA2BA0D51FF0FF4300768E2F /* WKModuleProductCellHelper.m */; };
		EA2EA72B1FEBABF200F80995 /* UIColor+WK.m in Sources */ = {isa = PBXBuildFile; fileRef = EA2EA72A1FEBABF200F80995 /* UIColor+WK.m */; };
		EA2EA7351FEBAE4700F80995 /* WKModuleBasicController.m in Sources */ = {isa = PBXBuildFile; fileRef = EA2EA7341FEBAE4700F80995 /* WKModuleBasicController.m */; };
		EA2EA7381FEBAE8400F80995 /* WKModuleBasicControllerHelper.m in Sources */ = {isa = PBXBuildFile; fileRef = EA2EA7371FEBAE8400F80995 /* WKModuleBasicControllerHelper.m */; };
		EA2EA73B1FEBB00B00F80995 /* WKModuleBasicProtocol.m in Sources */ = {isa = PBXBuildFile; fileRef = EA2EA73A1FEBB00B00F80995 /* WKModuleBasicProtocol.m */; };
		EA2EA73E1FEBB5AD00F80995 /* UIScrollView+WKRefresh.m in Sources */ = {isa = PBXBuildFile; fileRef = EA2EA73D1FEBB5AD00F80995 /* UIScrollView+WKRefresh.m */; };
		EA2EA7411FECA9FC00F80995 /* WKModuleConstant.m in Sources */ = {isa = PBXBuildFile; fileRef = EA2EA7401FECA9FC00F80995 /* WKModuleConstant.m */; };
		EA2EA7441FECAD5A00F80995 /* WKModuleHandler.m in Sources */ = {isa = PBXBuildFile; fileRef = EA2EA7431FECAD5A00F80995 /* WKModuleHandler.m */; };
		EA2EA7641FECCE8700F80995 /* WKModuleProductDataSource.m in Sources */ = {isa = PBXBuildFile; fileRef = EA2EA7561FECCE8700F80995 /* WKModuleProductDataSource.m */; };
		EA2EA7651FECCE8700F80995 /* WKModulePlatformIntroDataSource.m in Sources */ = {isa = PBXBuildFile; fileRef = EA2EA75A1FECCE8700F80995 /* WKModulePlatformIntroDataSource.m */; };
		EA2EA7661FECCE8700F80995 /* WKModuleNewUserProductDataSource.m in Sources */ = {isa = PBXBuildFile; fileRef = EA2EA75D1FECCE8700F80995 /* WKModuleNewUserProductDataSource.m */; };
		EA2EA7671FECCE8700F80995 /* WKModuleRollPlatformNoticeDataSource.m in Sources */ = {isa = PBXBuildFile; fileRef = EA2EA75F1FECCE8700F80995 /* WKModuleRollPlatformNoticeDataSource.m */; };
		EA2EA7681FECCE8700F80995 /* WKModuleBannerDataSource.m in Sources */ = {isa = PBXBuildFile; fileRef = EA2EA7621FECCE8700F80995 /* WKModuleBannerDataSource.m */; };
		EA2EA76E1FECDADC00F80995 /* WKModuleTitleReusableView.m in Sources */ = {isa = PBXBuildFile; fileRef = EA2EA76C1FECDADC00F80995 /* WKModuleTitleReusableView.m */; };
		EA2EA7731FECE5B100F80995 /* WKCarouselBannerCell.m in Sources */ = {isa = PBXBuildFile; fileRef = EA2EA7711FECE5B100F80995 /* WKCarouselBannerCell.m */; };
		EA2EA7741FECE5B100F80995 /* WKCarouselBannerCell.xib in Resources */ = {isa = PBXBuildFile; fileRef = EA2EA7721FECE5B100F80995 /* WKCarouselBannerCell.xib */; };
		EA2EA7781FECE72100F80995 /* WKModuleRollPlatformNoticeCell.m in Sources */ = {isa = PBXBuildFile; fileRef = EA2EA7761FECE72100F80995 /* WKModuleRollPlatformNoticeCell.m */; };
		EA2EA7791FECE72100F80995 /* WKModuleRollPlatformNoticeCell.xib in Resources */ = {isa = PBXBuildFile; fileRef = EA2EA7771FECE72100F80995 /* WKModuleRollPlatformNoticeCell.xib */; };
		EA2EA77C1FECE8B300F80995 /* WKModuleRollPlatformNoticeCellHelper.m in Sources */ = {isa = PBXBuildFile; fileRef = EA2EA77B1FECE8B300F80995 /* WKModuleRollPlatformNoticeCellHelper.m */; };
		EA2EA7801FECEADC00F80995 /* WKModuleNewUserProductCell.m in Sources */ = {isa = PBXBuildFile; fileRef = EA2EA77E1FECEADC00F80995 /* WKModuleNewUserProductCell.m */; };
		EA2EA7811FECEADC00F80995 /* WKModuleNewUserProductCell.xib in Resources */ = {isa = PBXBuildFile; fileRef = EA2EA77F1FECEADC00F80995 /* WKModuleNewUserProductCell.xib */; };
		EA2EA7851FED054100F80995 /* wk_home_btnbg@2x.png in Resources */ = {isa = PBXBuildFile; fileRef = EA2EA7831FED054000F80995 /* wk_home_btnbg@2x.png */; };
		EA2EA7861FED054100F80995 /* wk_home_btnbg@3x.png in Resources */ = {isa = PBXBuildFile; fileRef = EA2EA7841FED054000F80995 /* wk_home_btnbg@3x.png */; };
		EAF7EEF41FBE833500E087C0 /* AppDelegate.m in Sources */ = {isa = PBXBuildFile; fileRef = EAF7EEF31FBE833500E087C0 /* AppDelegate.m */; };
		EAF7EEFA1FBE833500E087C0 /* Main.storyboard in Resources */ = {isa = PBXBuildFile; fileRef = EAF7EEF81FBE833500E087C0 /* Main.storyboard */; };
		EAF7EEFC1FBE833500E087C0 /* Assets.xcassets in Resources */ = {isa = PBXBuildFile; fileRef = EAF7EEFB1FBE833500E087C0 /* Assets.xcassets */; };
		EAF7EEFF1FBE833500E087C0 /* LaunchScreen.storyboard in Resources */ = {isa = PBXBuildFile; fileRef = EAF7EEFD1FBE833500E087C0 /* LaunchScreen.storyboard */; };
		EAF7EF021FBE833500E087C0 /* main.m in Sources */ = {isa = PBXBuildFile; fileRef = EAF7EF011FBE833500E087C0 /* main.m */; };
		EAFA22011FC2E0720044D83D /* WKFinanceController.m in Sources */ = {isa = PBXBuildFile; fileRef = EAFA21AA1FC2E0720044D83D /* WKFinanceController.m */; };
		EAFA22041FC2E0720044D83D /* WKGeneralProductCell.m in Sources */ = {isa = PBXBuildFile; fileRef = EAFA21B11FC2E0720044D83D /* WKGeneralProductCell.m */; };
		EAFA22051FC2E0720044D83D /* WKGeneralProductCell.xib in Resources */ = {isa = PBXBuildFile; fileRef = EAFA21B21FC2E0720044D83D /* WKGeneralProductCell.xib */; };
		EAFA22061FC2E0720044D83D /* WKHomeLargeTitleCell.m in Sources */ = {isa = PBXBuildFile; fileRef = EAFA21B41FC2E0720044D83D /* WKHomeLargeTitleCell.m */; };
		EAFA22071FC2E0720044D83D /* WKHomeLargeTitleCell.xib in Resources */ = {isa = PBXBuildFile; fileRef = EAFA21B51FC2E0720044D83D /* WKHomeLargeTitleCell.xib */; };
		EAFA22081FC2E0720044D83D /* WKHomeSafeCell.m in Sources */ = {isa = PBXBuildFile; fileRef = EAFA21B71FC2E0720044D83D /* WKHomeSafeCell.m */; };
		EAFA22091FC2E0720044D83D /* WKHomeSafeCell.xib in Resources */ = {isa = PBXBuildFile; fileRef = EAFA21B81FC2E0720044D83D /* WKHomeSafeCell.xib */; };
		EAFA220A1FC2E0720044D83D /* WKNewUserProductCell.m in Sources */ = {isa = PBXBuildFile; fileRef = EAFA21BA1FC2E0720044D83D /* WKNewUserProductCell.m */; };
		EAFA220B1FC2E0720044D83D /* WKNewUserProductCell.xib in Resources */ = {isa = PBXBuildFile; fileRef = EAFA21BB1FC2E0720044D83D /* WKNewUserProductCell.xib */; };
		EAFA220E1FC2E0720044D83D /* WKCarouselBannerCellHelper.m in Sources */ = {isa = PBXBuildFile; fileRef = EAFA21C11FC2E0720044D83D /* WKCarouselBannerCellHelper.m */; };
		EAFA220F1FC2E0720044D83D /* WKGeneralProductCellHelper.m in Sources */ = {isa = PBXBuildFile; fileRef = EAFA21C31FC2E0720044D83D /* WKGeneralProductCellHelper.m */; };
		EAFA22101FC2E0720044D83D /* WKHomeLargeTitleCellHelper.m in Sources */ = {isa = PBXBuildFile; fileRef = EAFA21C51FC2E0720044D83D /* WKHomeLargeTitleCellHelper.m */; };
		EAFA22111FC2E0720044D83D /* WKHomeSafeCellHelper.m in Sources */ = {isa = PBXBuildFile; fileRef = EAFA21C71FC2E0720044D83D /* WKHomeSafeCellHelper.m */; };
		EAFA22121FC2E0720044D83D /* WKNewUserProductCellHelper.m in Sources */ = {isa = PBXBuildFile; fileRef = EAFA21C91FC2E0720044D83D /* WKNewUserProductCellHelper.m */; };
		EAFA22141FC2E0720044D83D /* WKHomeProductProgress.m in Sources */ = {isa = PBXBuildFile; fileRef = EAFA21CE1FC2E0720044D83D /* WKHomeProductProgress.m */; };
		EAFA22151FC2E0720044D83D /* WKHomeTagsView.m in Sources */ = {isa = PBXBuildFile; fileRef = EAFA21D01FC2E0720044D83D /* WKHomeTagsView.m */; };
		EAFA22161FC2E0720044D83D /* WKHomeController.m in Sources */ = {isa = PBXBuildFile; fileRef = EAFA21D21FC2E0720044D83D /* WKHomeController.m */; };
		EAFA22171FC2E0720044D83D /* WKHomeControllerHelper.m in Sources */ = {isa = PBXBuildFile; fileRef = EAFA21D41FC2E0720044D83D /* WKHomeControllerHelper.m */; };
		EAFA22181FC2E0720044D83D /* WKMineController.m in Sources */ = {isa = PBXBuildFile; fileRef = EAFA21D71FC2E0720044D83D /* WKMineController.m */; };
		EAFA22191FC2E0720044D83D /* WKBasicController.m in Sources */ = {isa = PBXBuildFile; fileRef = EAFA21DB1FC2E0720044D83D /* WKBasicController.m */; };
		EAFA221A1FC2E0720044D83D /* DataItemResult+WK.m in Sources */ = {isa = PBXBuildFile; fileRef = EAFA21DF1FC2E0720044D83D /* DataItemResult+WK.m */; };
		EAFA221B1FC2E0720044D83D /* NSDictionary+WKRealValue.m in Sources */ = {isa = PBXBuildFile; fileRef = EAFA21E11FC2E0720044D83D /* NSDictionary+WKRealValue.m */; };
		EAFA221C1FC2E0720044D83D /* NSString+WK.m in Sources */ = {isa = PBXBuildFile; fileRef = EAFA21E31FC2E0720044D83D /* NSString+WK.m */; };
		EAFA221D1FC2E0720044D83D /* UILabel+WK.m in Sources */ = {isa = PBXBuildFile; fileRef = EAFA21E51FC2E0720044D83D /* UILabel+WK.m */; };
		EAFA221E1FC2E0720044D83D /* UIView+WKLayout.m in Sources */ = {isa = PBXBuildFile; fileRef = EAFA21E71FC2E0720044D83D /* UIView+WKLayout.m */; };
		EAFA221F1FC2E0720044D83D /* WKHomeHttpLoader.m in Sources */ = {isa = PBXBuildFile; fileRef = EAFA21EA1FC2E0720044D83D /* WKHomeHttpLoader.m */; };
		EAFA22201FC2E0720044D83D /* WKHomeHttpProcess.m in Sources */ = {isa = PBXBuildFile; fileRef = EAFA21EC1FC2E0720044D83D /* WKHomeHttpProcess.m */; };
		EAFA22211FC2E0720044D83D /* wk_ notice.png in Resources */ = {isa = PBXBuildFile; fileRef = EAFA21EF1FC2E0720044D83D /* wk_ notice.png */; };
		EAFA22261FC2E0720044D83D /* wk_ finance.png in Resources */ = {isa = PBXBuildFile; fileRef = EAFA21F51FC2E0720044D83D /* wk_ finance.png */; };
		EAFA22271FC2E0720044D83D /* wk_ finance@2x.png in Resources */ = {isa = PBXBuildFile; fileRef = EAFA21F61FC2E0720044D83D /* wk_ finance@2x.png */; };
		EAFA22281FC2E0720044D83D /* wk_ finance_highlight.png in Resources */ = {isa = PBXBuildFile; fileRef = EAFA21F71FC2E0720044D83D /* wk_ finance_highlight.png */; };
		EAFA22291FC2E0720044D83D /* wk_ finance_highlight@2x.png in Resources */ = {isa = PBXBuildFile; fileRef = EAFA21F81FC2E0720044D83D /* wk_ finance_highlight@2x.png */; };
		EAFA222A1FC2E0720044D83D /* wk_home.png in Resources */ = {isa = PBXBuildFile; fileRef = EAFA21F91FC2E0720044D83D /* wk_home.png */; };
		EAFA222B1FC2E0720044D83D /* wk_home@2x.png in Resources */ = {isa = PBXBuildFile; fileRef = EAFA21FA1FC2E0720044D83D /* wk_home@2x.png */; };
		EAFA222C1FC2E0720044D83D /* wk_home_highlight.png in Resources */ = {isa = PBXBuildFile; fileRef = EAFA21FB1FC2E0720044D83D /* wk_home_highlight.png */; };
		EAFA222D1FC2E0720044D83D /* wk_home_highlight@2x.png in Resources */ = {isa = PBXBuildFile; fileRef = EAFA21FC1FC2E0720044D83D /* wk_home_highlight@2x.png */; };
		EAFA222E1FC2E0720044D83D /* wk_mine.png in Resources */ = {isa = PBXBuildFile; fileRef = EAFA21FD1FC2E0720044D83D /* wk_mine.png */; };
		EAFA222F1FC2E0720044D83D /* wk_mine@2x.png in Resources */ = {isa = PBXBuildFile; fileRef = EAFA21FE1FC2E0720044D83D /* wk_mine@2x.png */; };
		EAFA22301FC2E0720044D83D /* wk_mine_highlight.png in Resources */ = {isa = PBXBuildFile; fileRef = EAFA21FF1FC2E0720044D83D /* wk_mine_highlight.png */; };
		EAFA22311FC2E0720044D83D /* wk_mine_highlight@2x.png in Resources */ = {isa = PBXBuildFile; fileRef = EAFA22001FC2E0720044D83D /* wk_mine_highlight@2x.png */; };
/* End PBXBuildFile section */

/* Begin PBXFileReference section */
		54951E8E841E483BDBBE74A7 /* Pods-WKFinanceDemo.release.xcconfig */ = {isa = PBXFileReference; includeInIndex = 1; lastKnownFileType = text.xcconfig; name = "Pods-WKFinanceDemo.release.xcconfig"; path = "Pods/Target Support Files/Pods-WKFinanceDemo/Pods-WKFinanceDemo.release.xcconfig"; sourceTree = "<group>"; };
		AA92B46A21547A198677FA8D /* libPods-WKFinanceDemo.a */ = {isa = PBXFileReference; explicitFileType = archive.ar; includeInIndex = 0; path = "libPods-WKFinanceDemo.a"; sourceTree = BUILT_PRODUCTS_DIR; };
		C2E04539465584E901D0C18C /* Pods-WKFinanceDemo.debug.xcconfig */ = {isa = PBXFileReference; includeInIndex = 1; lastKnownFileType = text.xcconfig; name = "Pods-WKFinanceDemo.debug.xcconfig"; path = "Pods/Target Support Files/Pods-WKFinanceDemo/Pods-WKFinanceDemo.debug.xcconfig"; sourceTree = "<group>"; };
		EA2BA0A21FF0C29F00768E2F /* WKModulePlatformIntroCell.h */ = {isa = PBXFileReference; lastKnownFileType = sourcecode.c.h; path = WKModulePlatformIntroCell.h; sourceTree = "<group>"; };
		EA2BA0A31FF0C29F00768E2F /* WKModulePlatformIntroCell.m */ = {isa = PBXFileReference; lastKnownFileType = sourcecode.c.objc; path = WKModulePlatformIntroCell.m; sourceTree = "<group>"; };
		EA2BA0A41FF0C29F00768E2F /* WKModulePlatformIntroCell.xib */ = {isa = PBXFileReference; lastKnownFileType = file.xib; path = WKModulePlatformIntroCell.xib; sourceTree = "<group>"; };
		EA2BA0A71FF0D5C100768E2F /* wk_module_platform@2x.png */ = {isa = PBXFileReference; lastKnownFileType = image.png; path = "wk_module_platform@2x.png"; sourceTree = "<group>"; };
		EA2BA0A81FF0D5C100768E2F /* wk_module_platform@3x.png */ = {isa = PBXFileReference; lastKnownFileType = image.png; path = "wk_module_platform@3x.png"; sourceTree = "<group>"; };
		EA2BA0A91FF0D5C100768E2F /* wk_module_safelogo@2x.png */ = {isa = PBXFileReference; lastKnownFileType = image.png; path = "wk_module_safelogo@2x.png"; sourceTree = "<group>"; };
		EA2BA0AA1FF0D5C100768E2F /* wk_module_safelogo@3x.png */ = {isa = PBXFileReference; lastKnownFileType = image.png; path = "wk_module_safelogo@3x.png"; sourceTree = "<group>"; };
		EA2BA0B01FF0DA4200768E2F /* WKUserInfoManager.h */ = {isa = PBXFileReference; lastKnownFileType = sourcecode.c.h; path = WKUserInfoManager.h; sourceTree = "<group>"; };
		EA2BA0B11FF0DA4200768E2F /* WKUserInfoManager.m */ = {isa = PBXFileReference; lastKnownFileType = sourcecode.c.objc; path = WKUserInfoManager.m; sourceTree = "<group>"; };
		EA2BA0B31FF0DDE300768E2F /* wk_module_newad@3x.png */ = {isa = PBXFileReference; lastKnownFileType = image.png; path = "wk_module_newad@3x.png"; sourceTree = "<group>"; };
		EA2BA0B41FF0DDE400768E2F /* wk_module_newad@2x.png */ = {isa = PBXFileReference; lastKnownFileType = image.png; path = "wk_module_newad@2x.png"; sourceTree = "<group>"; };
		EA2BA0B81FF0DE7A00768E2F /* WKModuleAdImageDataSource.h */ = {isa = PBXFileReference; lastKnownFileType = sourcecode.c.h; path = WKModuleAdImageDataSource.h; sourceTree = "<group>"; };
		EA2BA0B91FF0DE7A00768E2F /* WKModuleAdImageDataSource.m */ = {isa = PBXFileReference; lastKnownFileType = sourcecode.c.objc; path = WKModuleAdImageDataSource.m; sourceTree = "<group>"; };
		EA2BA0BB1FF0DEF400768E2F /* WKModuleAdImageCell.h */ = {isa = PBXFileReference; lastKnownFileType = sourcecode.c.h; path = WKModuleAdImageCell.h; sourceTree = "<group>"; };
		EA2BA0BC1FF0DEF400768E2F /* WKModuleAdImageCell.m */ = {isa = PBXFileReference; lastKnownFileType = sourcecode.c.objc; path = WKModuleAdImageCell.m; sourceTree = "<group>"; };
		EA2BA0BD1FF0DEF400768E2F /* WKModuleAdImageCell.xib */ = {isa = PBXFileReference; lastKnownFileType = file.xib; path = WKModuleAdImageCell.xib; sourceTree = "<group>"; };
		EA2BA0C01FF0DF7600768E2F /* WKModuleAdImageCellHelper.h */ = {isa = PBXFileReference; lastKnownFileType = sourcecode.c.h; path = WKModuleAdImageCellHelper.h; sourceTree = "<group>"; };
		EA2BA0C11FF0DF7600768E2F /* WKModuleAdImageCellHelper.m */ = {isa = PBXFileReference; lastKnownFileType = sourcecode.c.objc; path = WKModuleAdImageCellHelper.m; sourceTree = "<group>"; };
		EA2BA0C31FF0ED1F00768E2F /* WKModuleProductCell.h */ = {isa = PBXFileReference; lastKnownFileType = sourcecode.c.h; path = WKModuleProductCell.h; sourceTree = "<group>"; };
		EA2BA0C41FF0ED1F00768E2F /* WKModuleProductCell.m */ = {isa = PBXFileReference; lastKnownFileType = sourcecode.c.objc; path = WKModuleProductCell.m; sourceTree = "<group>"; };
		EA2BA0C51FF0ED1F00768E2F /* WKModuleProductCell.xib */ = {isa = PBXFileReference; lastKnownFileType = file.xib; path = WKModuleProductCell.xib; sourceTree = "<group>"; };
		EA2BA0C91FF0F23B00768E2F /* WKModuleBottomTipDataSource.h */ = {isa = PBXFileReference; lastKnownFileType = sourcecode.c.h; path = WKModuleBottomTipDataSource.h; sourceTree = "<group>"; };
		EA2BA0CA1FF0F23B00768E2F /* WKModuleBottomTipDataSource.m */ = {isa = PBXFileReference; lastKnownFileType = sourcecode.c.objc; path = WKModuleBottomTipDataSource.m; sourceTree = "<group>"; };
		EA2BA0CC1FF0F26900768E2F /* WKModuleBottomTipCell.h */ = {isa = PBXFileReference; lastKnownFileType = sourcecode.c.h; path = WKModuleBottomTipCell.h; sourceTree = "<group>"; };
		EA2BA0CD1FF0F26900768E2F /* WKModuleBottomTipCell.m */ = {isa = PBXFileReference; lastKnownFileType = sourcecode.c.objc; path = WKModuleBottomTipCell.m; sourceTree = "<group>"; };
		EA2BA0CE1FF0F26900768E2F /* WKModuleBottomTipCell.xib */ = {isa = PBXFileReference; lastKnownFileType = file.xib; path = WKModuleBottomTipCell.xib; sourceTree = "<group>"; };
		EA2BA0D11FF0F2AC00768E2F /* WKModuleBottomTipCellHelper.h */ = {isa = PBXFileReference; lastKnownFileType = sourcecode.c.h; path = WKModuleBottomTipCellHelper.h; sourceTree = "<group>"; };
		EA2BA0D21FF0F2AC00768E2F /* WKModuleBottomTipCellHelper.m */ = {isa = PBXFileReference; lastKnownFileType = sourcecode.c.objc; path = WKModuleBottomTipCellHelper.m; sourceTree = "<group>"; };
		EA2BA0D41FF0FF4300768E2F /* WKModuleProductCellHelper.h */ = {isa = PBXFileReference; lastKnownFileType = sourcecode.c.h; path = WKModuleProductCellHelper.h; sourceTree = "<group>"; };
		EA2BA0D51FF0FF4300768E2F /* WKModuleProductCellHelper.m */ = {isa = PBXFileReference; lastKnownFileType = sourcecode.c.objc; path = WKModuleProductCellHelper.m; sourceTree = "<group>"; };
		EA2EA7291FEBABF200F80995 /* UIColor+WK.h */ = {isa = PBXFileReference; lastKnownFileType = sourcecode.c.h; path = "UIColor+WK.h"; sourceTree = "<group>"; };
		EA2EA72A1FEBABF200F80995 /* UIColor+WK.m */ = {isa = PBXFileReference; lastKnownFileType = sourcecode.c.objc; path = "UIColor+WK.m"; sourceTree = "<group>"; };
		EA2EA7311FEBADC200F80995 /* WKFinanceConstant.h */ = {isa = PBXFileReference; lastKnownFileType = sourcecode.c.h; path = WKFinanceConstant.h; sourceTree = "<group>"; };
		EA2EA7331FEBAE4700F80995 /* WKModuleBasicController.h */ = {isa = PBXFileReference; lastKnownFileType = sourcecode.c.h; path = WKModuleBasicController.h; sourceTree = "<group>"; };
		EA2EA7341FEBAE4700F80995 /* WKModuleBasicController.m */ = {isa = PBXFileReference; lastKnownFileType = sourcecode.c.objc; path = WKModuleBasicController.m; sourceTree = "<group>"; };
		EA2EA7361FEBAE8400F80995 /* WKModuleBasicControllerHelper.h */ = {isa = PBXFileReference; lastKnownFileType = sourcecode.c.h; path = WKModuleBasicControllerHelper.h; sourceTree = "<group>"; };
		EA2EA7371FEBAE8400F80995 /* WKModuleBasicControllerHelper.m */ = {isa = PBXFileReference; lastKnownFileType = sourcecode.c.objc; path = WKModuleBasicControllerHelper.m; sourceTree = "<group>"; };
		EA2EA7391FEBB00B00F80995 /* WKModuleBasicProtocol.h */ = {isa = PBXFileReference; lastKnownFileType = sourcecode.c.h; path = WKModuleBasicProtocol.h; sourceTree = "<group>"; };
		EA2EA73A1FEBB00B00F80995 /* WKModuleBasicProtocol.m */ = {isa = PBXFileReference; lastKnownFileType = sourcecode.c.objc; path = WKModuleBasicProtocol.m; sourceTree = "<group>"; };
		EA2EA73C1FEBB5AC00F80995 /* UIScrollView+WKRefresh.h */ = {isa = PBXFileReference; fileEncoding = 4; lastKnownFileType = sourcecode.c.h; path = "UIScrollView+WKRefresh.h"; sourceTree = "<group>"; };
		EA2EA73D1FEBB5AD00F80995 /* UIScrollView+WKRefresh.m */ = {isa = PBXFileReference; fileEncoding = 4; lastKnownFileType = sourcecode.c.objc; path = "UIScrollView+WKRefresh.m"; sourceTree = "<group>"; };
		EA2EA73F1FECA9FC00F80995 /* WKModuleConstant.h */ = {isa = PBXFileReference; lastKnownFileType = sourcecode.c.h; path = WKModuleConstant.h; sourceTree = "<group>"; };
		EA2EA7401FECA9FC00F80995 /* WKModuleConstant.m */ = {isa = PBXFileReference; lastKnownFileType = sourcecode.c.objc; path = WKModuleConstant.m; sourceTree = "<group>"; };
		EA2EA7421FECAD5A00F80995 /* WKModuleHandler.h */ = {isa = PBXFileReference; lastKnownFileType = sourcecode.c.h; path = WKModuleHandler.h; sourceTree = "<group>"; };
		EA2EA7431FECAD5A00F80995 /* WKModuleHandler.m */ = {isa = PBXFileReference; lastKnownFileType = sourcecode.c.objc; path = WKModuleHandler.m; sourceTree = "<group>"; };
		EA2EA7561FECCE8700F80995 /* WKModuleProductDataSource.m */ = {isa = PBXFileReference; fileEncoding = 4; lastKnownFileType = sourcecode.c.objc; path = WKModuleProductDataSource.m; sourceTree = "<group>"; };
		EA2EA7571FECCE8700F80995 /* WKModuleProductDataSource.h */ = {isa = PBXFileReference; fileEncoding = 4; lastKnownFileType = sourcecode.c.h; path = WKModuleProductDataSource.h; sourceTree = "<group>"; };
		EA2EA7591FECCE8700F80995 /* WKModulePlatformIntroDataSource.h */ = {isa = PBXFileReference; fileEncoding = 4; lastKnownFileType = sourcecode.c.h; path = WKModulePlatformIntroDataSource.h; sourceTree = "<group>"; };
		EA2EA75A1FECCE8700F80995 /* WKModulePlatformIntroDataSource.m */ = {isa = PBXFileReference; fileEncoding = 4; lastKnownFileType = sourcecode.c.objc; path = WKModulePlatformIntroDataSource.m; sourceTree = "<group>"; };
		EA2EA75C1FECCE8700F80995 /* WKModuleNewUserProductDataSource.h */ = {isa = PBXFileReference; fileEncoding = 4; lastKnownFileType = sourcecode.c.h; path = WKModuleNewUserProductDataSource.h; sourceTree = "<group>"; };
		EA2EA75D1FECCE8700F80995 /* WKModuleNewUserProductDataSource.m */ = {isa = PBXFileReference; fileEncoding = 4; lastKnownFileType = sourcecode.c.objc; path = WKModuleNewUserProductDataSource.m; sourceTree = "<group>"; };
		EA2EA75F1FECCE8700F80995 /* WKModuleRollPlatformNoticeDataSource.m */ = {isa = PBXFileReference; fileEncoding = 4; lastKnownFileType = sourcecode.c.objc; path = WKModuleRollPlatformNoticeDataSource.m; sourceTree = "<group>"; };
		EA2EA7601FECCE8700F80995 /* WKModuleRollPlatformNoticeDataSource.h */ = {isa = PBXFileReference; fileEncoding = 4; lastKnownFileType = sourcecode.c.h; path = WKModuleRollPlatformNoticeDataSource.h; sourceTree = "<group>"; };
		EA2EA7621FECCE8700F80995 /* WKModuleBannerDataSource.m */ = {isa = PBXFileReference; fileEncoding = 4; lastKnownFileType = sourcecode.c.objc; path = WKModuleBannerDataSource.m; sourceTree = "<group>"; };
		EA2EA7631FECCE8700F80995 /* WKModuleBannerDataSource.h */ = {isa = PBXFileReference; fileEncoding = 4; lastKnownFileType = sourcecode.c.h; path = WKModuleBannerDataSource.h; sourceTree = "<group>"; };
		EA2EA76B1FECDADC00F80995 /* WKModuleTitleReusableView.h */ = {isa = PBXFileReference; lastKnownFileType = sourcecode.c.h; path = WKModuleTitleReusableView.h; sourceTree = "<group>"; };
		EA2EA76C1FECDADC00F80995 /* WKModuleTitleReusableView.m */ = {isa = PBXFileReference; lastKnownFileType = sourcecode.c.objc; path = WKModuleTitleReusableView.m; sourceTree = "<group>"; };
		EA2EA7701FECE5B100F80995 /* WKCarouselBannerCell.h */ = {isa = PBXFileReference; lastKnownFileType = sourcecode.c.h; path = WKCarouselBannerCell.h; sourceTree = "<group>"; };
		EA2EA7711FECE5B100F80995 /* WKCarouselBannerCell.m */ = {isa = PBXFileReference; lastKnownFileType = sourcecode.c.objc; path = WKCarouselBannerCell.m; sourceTree = "<group>"; };
		EA2EA7721FECE5B100F80995 /* WKCarouselBannerCell.xib */ = {isa = PBXFileReference; lastKnownFileType = file.xib; path = WKCarouselBannerCell.xib; sourceTree = "<group>"; };
		EA2EA7751FECE72100F80995 /* WKModuleRollPlatformNoticeCell.h */ = {isa = PBXFileReference; lastKnownFileType = sourcecode.c.h; path = WKModuleRollPlatformNoticeCell.h; sourceTree = "<group>"; };
		EA2EA7761FECE72100F80995 /* WKModuleRollPlatformNoticeCell.m */ = {isa = PBXFileReference; lastKnownFileType = sourcecode.c.objc; path = WKModuleRollPlatformNoticeCell.m; sourceTree = "<group>"; };
		EA2EA7771FECE72100F80995 /* WKModuleRollPlatformNoticeCell.xib */ = {isa = PBXFileReference; lastKnownFileType = file.xib; path = WKModuleRollPlatformNoticeCell.xib; sourceTree = "<group>"; };
		EA2EA77A1FECE8B300F80995 /* WKModuleRollPlatformNoticeCellHelper.h */ = {isa = PBXFileReference; lastKnownFileType = sourcecode.c.h; path = WKModuleRollPlatformNoticeCellHelper.h; sourceTree = "<group>"; };
		EA2EA77B1FECE8B300F80995 /* WKModuleRollPlatformNoticeCellHelper.m */ = {isa = PBXFileReference; lastKnownFileType = sourcecode.c.objc; path = WKModuleRollPlatformNoticeCellHelper.m; sourceTree = "<group>"; };
		EA2EA77D1FECEADC00F80995 /* WKModuleNewUserProductCell.h */ = {isa = PBXFileReference; lastKnownFileType = sourcecode.c.h; path = WKModuleNewUserProductCell.h; sourceTree = "<group>"; };
		EA2EA77E1FECEADC00F80995 /* WKModuleNewUserProductCell.m */ = {isa = PBXFileReference; lastKnownFileType = sourcecode.c.objc; path = WKModuleNewUserProductCell.m; sourceTree = "<group>"; };
		EA2EA77F1FECEADC00F80995 /* WKModuleNewUserProductCell.xib */ = {isa = PBXFileReference; lastKnownFileType = file.xib; path = WKModuleNewUserProductCell.xib; sourceTree = "<group>"; };
		EA2EA7831FED054000F80995 /* wk_home_btnbg@2x.png */ = {isa = PBXFileReference; lastKnownFileType = image.png; path = "wk_home_btnbg@2x.png"; sourceTree = "<group>"; };
		EA2EA7841FED054000F80995 /* wk_home_btnbg@3x.png */ = {isa = PBXFileReference; lastKnownFileType = image.png; path = "wk_home_btnbg@3x.png"; sourceTree = "<group>"; };
		EAF7EEEF1FBE833500E087C0 /* WKFinanceDemo.app */ = {isa = PBXFileReference; explicitFileType = wrapper.application; includeInIndex = 0; path = WKFinanceDemo.app; sourceTree = BUILT_PRODUCTS_DIR; };
		EAF7EEF21FBE833500E087C0 /* AppDelegate.h */ = {isa = PBXFileReference; lastKnownFileType = sourcecode.c.h; path = AppDelegate.h; sourceTree = "<group>"; };
		EAF7EEF31FBE833500E087C0 /* AppDelegate.m */ = {isa = PBXFileReference; lastKnownFileType = sourcecode.c.objc; path = AppDelegate.m; sourceTree = "<group>"; };
		EAF7EEF91FBE833500E087C0 /* Base */ = {isa = PBXFileReference; lastKnownFileType = file.storyboard; name = Base; path = Base.lproj/Main.storyboard; sourceTree = "<group>"; };
		EAF7EEFB1FBE833500E087C0 /* Assets.xcassets */ = {isa = PBXFileReference; lastKnownFileType = folder.assetcatalog; path = Assets.xcassets; sourceTree = "<group>"; };
		EAF7EEFE1FBE833500E087C0 /* Base */ = {isa = PBXFileReference; lastKnownFileType = file.storyboard; name = Base; path = Base.lproj/LaunchScreen.storyboard; sourceTree = "<group>"; };
		EAF7EF001FBE833500E087C0 /* Info.plist */ = {isa = PBXFileReference; lastKnownFileType = text.plist.xml; path = Info.plist; sourceTree = "<group>"; };
		EAF7EF011FBE833500E087C0 /* main.m */ = {isa = PBXFileReference; lastKnownFileType = sourcecode.c.objc; path = main.m; sourceTree = "<group>"; };
		EAFA21A91FC2E0720044D83D /* WKFinanceController.h */ = {isa = PBXFileReference; fileEncoding = 4; lastKnownFileType = sourcecode.c.h; path = WKFinanceController.h; sourceTree = "<group>"; };
		EAFA21AA1FC2E0720044D83D /* WKFinanceController.m */ = {isa = PBXFileReference; fileEncoding = 4; lastKnownFileType = sourcecode.c.objc; path = WKFinanceController.m; sourceTree = "<group>"; };
		EAFA21B01FC2E0720044D83D /* WKGeneralProductCell.h */ = {isa = PBXFileReference; fileEncoding = 4; lastKnownFileType = sourcecode.c.h; path = WKGeneralProductCell.h; sourceTree = "<group>"; };
		EAFA21B11FC2E0720044D83D /* WKGeneralProductCell.m */ = {isa = PBXFileReference; fileEncoding = 4; lastKnownFileType = sourcecode.c.objc; path = WKGeneralProductCell.m; sourceTree = "<group>"; };
		EAFA21B21FC2E0720044D83D /* WKGeneralProductCell.xib */ = {isa = PBXFileReference; fileEncoding = 4; lastKnownFileType = file.xib; path = WKGeneralProductCell.xib; sourceTree = "<group>"; };
		EAFA21B31FC2E0720044D83D /* WKHomeLargeTitleCell.h */ = {isa = PBXFileReference; fileEncoding = 4; lastKnownFileType = sourcecode.c.h; path = WKHomeLargeTitleCell.h; sourceTree = "<group>"; };
		EAFA21B41FC2E0720044D83D /* WKHomeLargeTitleCell.m */ = {isa = PBXFileReference; fileEncoding = 4; lastKnownFileType = sourcecode.c.objc; path = WKHomeLargeTitleCell.m; sourceTree = "<group>"; };
		EAFA21B51FC2E0720044D83D /* WKHomeLargeTitleCell.xib */ = {isa = PBXFileReference; fileEncoding = 4; lastKnownFileType = file.xib; path = WKHomeLargeTitleCell.xib; sourceTree = "<group>"; };
		EAFA21B61FC2E0720044D83D /* WKHomeSafeCell.h */ = {isa = PBXFileReference; fileEncoding = 4; lastKnownFileType = sourcecode.c.h; path = WKHomeSafeCell.h; sourceTree = "<group>"; };
		EAFA21B71FC2E0720044D83D /* WKHomeSafeCell.m */ = {isa = PBXFileReference; fileEncoding = 4; lastKnownFileType = sourcecode.c.objc; path = WKHomeSafeCell.m; sourceTree = "<group>"; };
		EAFA21B81FC2E0720044D83D /* WKHomeSafeCell.xib */ = {isa = PBXFileReference; fileEncoding = 4; lastKnownFileType = file.xib; path = WKHomeSafeCell.xib; sourceTree = "<group>"; };
		EAFA21B91FC2E0720044D83D /* WKNewUserProductCell.h */ = {isa = PBXFileReference; fileEncoding = 4; lastKnownFileType = sourcecode.c.h; path = WKNewUserProductCell.h; sourceTree = "<group>"; };
		EAFA21BA1FC2E0720044D83D /* WKNewUserProductCell.m */ = {isa = PBXFileReference; fileEncoding = 4; lastKnownFileType = sourcecode.c.objc; path = WKNewUserProductCell.m; sourceTree = "<group>"; };
		EAFA21BB1FC2E0720044D83D /* WKNewUserProductCell.xib */ = {isa = PBXFileReference; fileEncoding = 4; lastKnownFileType = file.xib; path = WKNewUserProductCell.xib; sourceTree = "<group>"; };
		EAFA21C01FC2E0720044D83D /* WKCarouselBannerCellHelper.h */ = {isa = PBXFileReference; fileEncoding = 4; lastKnownFileType = sourcecode.c.h; path = WKCarouselBannerCellHelper.h; sourceTree = "<group>"; };
		EAFA21C11FC2E0720044D83D /* WKCarouselBannerCellHelper.m */ = {isa = PBXFileReference; fileEncoding = 4; lastKnownFileType = sourcecode.c.objc; path = WKCarouselBannerCellHelper.m; sourceTree = "<group>"; };
		EAFA21C21FC2E0720044D83D /* WKGeneralProductCellHelper.h */ = {isa = PBXFileReference; fileEncoding = 4; lastKnownFileType = sourcecode.c.h; path = WKGeneralProductCellHelper.h; sourceTree = "<group>"; };
		EAFA21C31FC2E0720044D83D /* WKGeneralProductCellHelper.m */ = {isa = PBXFileReference; fileEncoding = 4; lastKnownFileType = sourcecode.c.objc; path = WKGeneralProductCellHelper.m; sourceTree = "<group>"; };
		EAFA21C41FC2E0720044D83D /* WKHomeLargeTitleCellHelper.h */ = {isa = PBXFileReference; fileEncoding = 4; lastKnownFileType = sourcecode.c.h; path = WKHomeLargeTitleCellHelper.h; sourceTree = "<group>"; };
		EAFA21C51FC2E0720044D83D /* WKHomeLargeTitleCellHelper.m */ = {isa = PBXFileReference; fileEncoding = 4; lastKnownFileType = sourcecode.c.objc; path = WKHomeLargeTitleCellHelper.m; sourceTree = "<group>"; };
		EAFA21C61FC2E0720044D83D /* WKHomeSafeCellHelper.h */ = {isa = PBXFileReference; fileEncoding = 4; lastKnownFileType = sourcecode.c.h; path = WKHomeSafeCellHelper.h; sourceTree = "<group>"; };
		EAFA21C71FC2E0720044D83D /* WKHomeSafeCellHelper.m */ = {isa = PBXFileReference; fileEncoding = 4; lastKnownFileType = sourcecode.c.objc; path = WKHomeSafeCellHelper.m; sourceTree = "<group>"; };
		EAFA21C81FC2E0720044D83D /* WKNewUserProductCellHelper.h */ = {isa = PBXFileReference; fileEncoding = 4; lastKnownFileType = sourcecode.c.h; path = WKNewUserProductCellHelper.h; sourceTree = "<group>"; };
		EAFA21C91FC2E0720044D83D /* WKNewUserProductCellHelper.m */ = {isa = PBXFileReference; fileEncoding = 4; lastKnownFileType = sourcecode.c.objc; path = WKNewUserProductCellHelper.m; sourceTree = "<group>"; };
		EAFA21CD1FC2E0720044D83D /* WKHomeProductProgress.h */ = {isa = PBXFileReference; fileEncoding = 4; lastKnownFileType = sourcecode.c.h; path = WKHomeProductProgress.h; sourceTree = "<group>"; };
		EAFA21CE1FC2E0720044D83D /* WKHomeProductProgress.m */ = {isa = PBXFileReference; fileEncoding = 4; lastKnownFileType = sourcecode.c.objc; path = WKHomeProductProgress.m; sourceTree = "<group>"; };
		EAFA21CF1FC2E0720044D83D /* WKHomeTagsView.h */ = {isa = PBXFileReference; fileEncoding = 4; lastKnownFileType = sourcecode.c.h; path = WKHomeTagsView.h; sourceTree = "<group>"; };
		EAFA21D01FC2E0720044D83D /* WKHomeTagsView.m */ = {isa = PBXFileReference; fileEncoding = 4; lastKnownFileType = sourcecode.c.objc; path = WKHomeTagsView.m; sourceTree = "<group>"; };
		EAFA21D11FC2E0720044D83D /* WKHomeController.h */ = {isa = PBXFileReference; fileEncoding = 4; lastKnownFileType = sourcecode.c.h; path = WKHomeController.h; sourceTree = "<group>"; };
		EAFA21D21FC2E0720044D83D /* WKHomeController.m */ = {isa = PBXFileReference; fileEncoding = 4; lastKnownFileType = sourcecode.c.objc; path = WKHomeController.m; sourceTree = "<group>"; };
		EAFA21D31FC2E0720044D83D /* WKHomeControllerHelper.h */ = {isa = PBXFileReference; fileEncoding = 4; lastKnownFileType = sourcecode.c.h; path = WKHomeControllerHelper.h; sourceTree = "<group>"; };
		EAFA21D41FC2E0720044D83D /* WKHomeControllerHelper.m */ = {isa = PBXFileReference; fileEncoding = 4; lastKnownFileType = sourcecode.c.objc; path = WKHomeControllerHelper.m; sourceTree = "<group>"; };
		EAFA21D61FC2E0720044D83D /* WKMineController.h */ = {isa = PBXFileReference; fileEncoding = 4; lastKnownFileType = sourcecode.c.h; path = WKMineController.h; sourceTree = "<group>"; };
		EAFA21D71FC2E0720044D83D /* WKMineController.m */ = {isa = PBXFileReference; fileEncoding = 4; lastKnownFileType = sourcecode.c.objc; path = WKMineController.m; sourceTree = "<group>"; };
		EAFA21DA1FC2E0720044D83D /* WKBasicController.h */ = {isa = PBXFileReference; fileEncoding = 4; lastKnownFileType = sourcecode.c.h; path = WKBasicController.h; sourceTree = "<group>"; };
		EAFA21DB1FC2E0720044D83D /* WKBasicController.m */ = {isa = PBXFileReference; fileEncoding = 4; lastKnownFileType = sourcecode.c.objc; path = WKBasicController.m; sourceTree = "<group>"; };
		EAFA21DE1FC2E0720044D83D /* DataItemResult+WK.h */ = {isa = PBXFileReference; fileEncoding = 4; lastKnownFileType = sourcecode.c.h; path = "DataItemResult+WK.h"; sourceTree = "<group>"; };
		EAFA21DF1FC2E0720044D83D /* DataItemResult+WK.m */ = {isa = PBXFileReference; fileEncoding = 4; lastKnownFileType = sourcecode.c.objc; path = "DataItemResult+WK.m"; sourceTree = "<group>"; };
		EAFA21E01FC2E0720044D83D /* NSDictionary+WKRealValue.h */ = {isa = PBXFileReference; fileEncoding = 4; lastKnownFileType = sourcecode.c.h; path = "NSDictionary+WKRealValue.h"; sourceTree = "<group>"; };
		EAFA21E11FC2E0720044D83D /* NSDictionary+WKRealValue.m */ = {isa = PBXFileReference; fileEncoding = 4; lastKnownFileType = sourcecode.c.objc; path = "NSDictionary+WKRealValue.m"; sourceTree = "<group>"; };
		EAFA21E21FC2E0720044D83D /* NSString+WK.h */ = {isa = PBXFileReference; fileEncoding = 4; lastKnownFileType = sourcecode.c.h; path = "NSString+WK.h"; sourceTree = "<group>"; };
		EAFA21E31FC2E0720044D83D /* NSString+WK.m */ = {isa = PBXFileReference; fileEncoding = 4; lastKnownFileType = sourcecode.c.objc; path = "NSString+WK.m"; sourceTree = "<group>"; };
		EAFA21E41FC2E0720044D83D /* UILabel+WK.h */ = {isa = PBXFileReference; fileEncoding = 4; lastKnownFileType = sourcecode.c.h; path = "UILabel+WK.h"; sourceTree = "<group>"; };
		EAFA21E51FC2E0720044D83D /* UILabel+WK.m */ = {isa = PBXFileReference; fileEncoding = 4; lastKnownFileType = sourcecode.c.objc; path = "UILabel+WK.m"; sourceTree = "<group>"; };
		EAFA21E61FC2E0720044D83D /* UIView+WKLayout.h */ = {isa = PBXFileReference; fileEncoding = 4; lastKnownFileType = sourcecode.c.h; path = "UIView+WKLayout.h"; sourceTree = "<group>"; };
		EAFA21E71FC2E0720044D83D /* UIView+WKLayout.m */ = {isa = PBXFileReference; fileEncoding = 4; lastKnownFileType = sourcecode.c.objc; path = "UIView+WKLayout.m"; sourceTree = "<group>"; };
		EAFA21E91FC2E0720044D83D /* WKHomeHttpLoader.h */ = {isa = PBXFileReference; fileEncoding = 4; lastKnownFileType = sourcecode.c.h; path = WKHomeHttpLoader.h; sourceTree = "<group>"; };
		EAFA21EA1FC2E0720044D83D /* WKHomeHttpLoader.m */ = {isa = PBXFileReference; fileEncoding = 4; lastKnownFileType = sourcecode.c.objc; path = WKHomeHttpLoader.m; sourceTree = "<group>"; };
		EAFA21EB1FC2E0720044D83D /* WKHomeHttpProcess.h */ = {isa = PBXFileReference; fileEncoding = 4; lastKnownFileType = sourcecode.c.h; path = WKHomeHttpProcess.h; sourceTree = "<group>"; };
		EAFA21EC1FC2E0720044D83D /* WKHomeHttpProcess.m */ = {isa = PBXFileReference; fileEncoding = 4; lastKnownFileType = sourcecode.c.objc; path = WKHomeHttpProcess.m; sourceTree = "<group>"; };
		EAFA21EF1FC2E0720044D83D /* wk_ notice.png */ = {isa = PBXFileReference; lastKnownFileType = image.png; path = "wk_ notice.png"; sourceTree = "<group>"; };
		EAFA21F51FC2E0720044D83D /* wk_ finance.png */ = {isa = PBXFileReference; lastKnownFileType = image.png; path = "wk_ finance.png"; sourceTree = "<group>"; };
		EAFA21F61FC2E0720044D83D /* wk_ finance@2x.png */ = {isa = PBXFileReference; lastKnownFileType = image.png; path = "wk_ finance@2x.png"; sourceTree = "<group>"; };
		EAFA21F71FC2E0720044D83D /* wk_ finance_highlight.png */ = {isa = PBXFileReference; lastKnownFileType = image.png; path = "wk_ finance_highlight.png"; sourceTree = "<group>"; };
		EAFA21F81FC2E0720044D83D /* wk_ finance_highlight@2x.png */ = {isa = PBXFileReference; lastKnownFileType = image.png; path = "wk_ finance_highlight@2x.png"; sourceTree = "<group>"; };
		EAFA21F91FC2E0720044D83D /* wk_home.png */ = {isa = PBXFileReference; lastKnownFileType = image.png; path = wk_home.png; sourceTree = "<group>"; };
		EAFA21FA1FC2E0720044D83D /* wk_home@2x.png */ = {isa = PBXFileReference; lastKnownFileType = image.png; path = "wk_home@2x.png"; sourceTree = "<group>"; };
		EAFA21FB1FC2E0720044D83D /* wk_home_highlight.png */ = {isa = PBXFileReference; lastKnownFileType = image.png; path = wk_home_highlight.png; sourceTree = "<group>"; };
		EAFA21FC1FC2E0720044D83D /* wk_home_highlight@2x.png */ = {isa = PBXFileReference; lastKnownFileType = image.png; path = "wk_home_highlight@2x.png"; sourceTree = "<group>"; };
		EAFA21FD1FC2E0720044D83D /* wk_mine.png */ = {isa = PBXFileReference; lastKnownFileType = image.png; path = wk_mine.png; sourceTree = "<group>"; };
		EAFA21FE1FC2E0720044D83D /* wk_mine@2x.png */ = {isa = PBXFileReference; lastKnownFileType = image.png; path = "wk_mine@2x.png"; sourceTree = "<group>"; };
		EAFA21FF1FC2E0720044D83D /* wk_mine_highlight.png */ = {isa = PBXFileReference; lastKnownFileType = image.png; path = wk_mine_highlight.png; sourceTree = "<group>"; };
		EAFA22001FC2E0720044D83D /* wk_mine_highlight@2x.png */ = {isa = PBXFileReference; lastKnownFileType = image.png; path = "wk_mine_highlight@2x.png"; sourceTree = "<group>"; };
/* End PBXFileReference section */

/* Begin PBXFrameworksBuildPhase section */
		EAF7EEEC1FBE833500E087C0 /* Frameworks */ = {
			isa = PBXFrameworksBuildPhase;
			buildActionMask = 2147483647;
			files = (
				3D8D3BEBA07BFEE361AB7D77 /* libPods-WKFinanceDemo.a in Frameworks */,
			);
			runOnlyForDeploymentPostprocessing = 0;
		};
/* End PBXFrameworksBuildPhase section */

/* Begin PBXGroup section */
		08E2392B6D759A84823D7656 /* Frameworks */ = {
			isa = PBXGroup;
			children = (
				AA92B46A21547A198677FA8D /* libPods-WKFinanceDemo.a */,
			);
			name = Frameworks;
			sourceTree = "<group>";
		};
		58F42D17B6CF176A8AFDB075 /* Pods */ = {
			isa = PBXGroup;
			children = (
				C2E04539465584E901D0C18C /* Pods-WKFinanceDemo.debug.xcconfig */,
				54951E8E841E483BDBBE74A7 /* Pods-WKFinanceDemo.release.xcconfig */,
			);
			name = Pods;
			sourceTree = "<group>";
		};
		EA2BA0AF1FF0DA2600768E2F /* Unit */ = {
			isa = PBXGroup;
			children = (
				EA2BA0B01FF0DA4200768E2F /* WKUserInfoManager.h */,
				EA2BA0B11FF0DA4200768E2F /* WKUserInfoManager.m */,
			);
			path = Unit;
			sourceTree = "<group>";
		};
		EA2BA0B71FF0DE6000768E2F /* AdImage */ = {
			isa = PBXGroup;
			children = (
				EA2BA0B81FF0DE7A00768E2F /* WKModuleAdImageDataSource.h */,
				EA2BA0B91FF0DE7A00768E2F /* WKModuleAdImageDataSource.m */,
				EA2BA0BB1FF0DEF400768E2F /* WKModuleAdImageCell.h */,
				EA2BA0BC1FF0DEF400768E2F /* WKModuleAdImageCell.m */,
				EA2BA0BD1FF0DEF400768E2F /* WKModuleAdImageCell.xib */,
				EA2BA0C01FF0DF7600768E2F /* WKModuleAdImageCellHelper.h */,
				EA2BA0C11FF0DF7600768E2F /* WKModuleAdImageCellHelper.m */,
			);
			path = AdImage;
			sourceTree = "<group>";
		};
		EA2BA0C81FF0F21A00768E2F /* BottomTip */ = {
			isa = PBXGroup;
			children = (
				EA2BA0C91FF0F23B00768E2F /* WKModuleBottomTipDataSource.h */,
				EA2BA0CA1FF0F23B00768E2F /* WKModuleBottomTipDataSource.m */,
				EA2BA0CC1FF0F26900768E2F /* WKModuleBottomTipCell.h */,
				EA2BA0CD1FF0F26900768E2F /* WKModuleBottomTipCell.m */,
				EA2BA0CE1FF0F26900768E2F /* WKModuleBottomTipCell.xib */,
				EA2BA0D11FF0F2AC00768E2F /* WKModuleBottomTipCellHelper.h */,
				EA2BA0D21FF0F2AC00768E2F /* WKModuleBottomTipCellHelper.m */,
			);
			path = BottomTip;
			sourceTree = "<group>";
		};
		EA2EA7321FEBAE2E00F80995 /* ModuleBasic */ = {
			isa = PBXGroup;
			children = (
				EA2EA7451FECB3EF00F80995 /* WKModule */,
				EA2EA7331FEBAE4700F80995 /* WKModuleBasicController.h */,
				EA2EA7341FEBAE4700F80995 /* WKModuleBasicController.m */,
				EA2EA7361FEBAE8400F80995 /* WKModuleBasicControllerHelper.h */,
				EA2EA7371FEBAE8400F80995 /* WKModuleBasicControllerHelper.m */,
				EA2EA7391FEBB00B00F80995 /* WKModuleBasicProtocol.h */,
				EA2EA73A1FEBB00B00F80995 /* WKModuleBasicProtocol.m */,
				EA2EA73F1FECA9FC00F80995 /* WKModuleConstant.h */,
				EA2EA7401FECA9FC00F80995 /* WKModuleConstant.m */,
				EA2EA7421FECAD5A00F80995 /* WKModuleHandler.h */,
				EA2EA7431FECAD5A00F80995 /* WKModuleHandler.m */,
			);
			path = ModuleBasic;
			sourceTree = "<group>";
		};
		EA2EA7451FECB3EF00F80995 /* WKModule */ = {
			isa = PBXGroup;
			children = (
				EA2BA0C81FF0F21A00768E2F /* BottomTip */,
				EA2BA0B71FF0DE6000768E2F /* AdImage */,
				EA2EA7691FECDAB000F80995 /* Units */,
				EA2EA7611FECCE8700F80995 /* Banner */,
				EA2EA75B1FECCE8700F80995 /* NewUserProduct */,
				EA2EA7581FECCE8700F80995 /* PlatformIntro */,
				EA2EA7551FECCE8700F80995 /* Product */,
				EA2EA75E1FECCE8700F80995 /* RollPlatformNotice */,
			);
			path = WKModule;
			sourceTree = "<group>";
		};
		EA2EA7551FECCE8700F80995 /* Product */ = {
			isa = PBXGroup;
			children = (
				EA2EA7561FECCE8700F80995 /* WKModuleProductDataSource.m */,
				EA2EA7571FECCE8700F80995 /* WKModuleProductDataSource.h */,
				EA2BA0C31FF0ED1F00768E2F /* WKModuleProductCell.h */,
				EA2BA0C41FF0ED1F00768E2F /* WKModuleProductCell.m */,
				EA2BA0C51FF0ED1F00768E2F /* WKModuleProductCell.xib */,
				EA2BA0D41FF0FF4300768E2F /* WKModuleProductCellHelper.h */,
				EA2BA0D51FF0FF4300768E2F /* WKModuleProductCellHelper.m */,
			);
			path = Product;
			sourceTree = "<group>";
		};
		EA2EA7581FECCE8700F80995 /* PlatformIntro */ = {
			isa = PBXGroup;
			children = (
				EA2EA7591FECCE8700F80995 /* WKModulePlatformIntroDataSource.h */,
				EA2EA75A1FECCE8700F80995 /* WKModulePlatformIntroDataSource.m */,
				EA2BA0A21FF0C29F00768E2F /* WKModulePlatformIntroCell.h */,
				EA2BA0A31FF0C29F00768E2F /* WKModulePlatformIntroCell.m */,
				EA2BA0A41FF0C29F00768E2F /* WKModulePlatformIntroCell.xib */,
			);
			path = PlatformIntro;
			sourceTree = "<group>";
		};
		EA2EA75B1FECCE8700F80995 /* NewUserProduct */ = {
			isa = PBXGroup;
			children = (
				EAFA21C81FC2E0720044D83D /* WKNewUserProductCellHelper.h */,
				EAFA21C91FC2E0720044D83D /* WKNewUserProductCellHelper.m */,
				EA2EA75C1FECCE8700F80995 /* WKModuleNewUserProductDataSource.h */,
				EA2EA75D1FECCE8700F80995 /* WKModuleNewUserProductDataSource.m */,
				EA2EA77D1FECEADC00F80995 /* WKModuleNewUserProductCell.h */,
				EA2EA77E1FECEADC00F80995 /* WKModuleNewUserProductCell.m */,
				EA2EA77F1FECEADC00F80995 /* WKModuleNewUserProductCell.xib */,
			);
			path = NewUserProduct;
			sourceTree = "<group>";
		};
		EA2EA75E1FECCE8700F80995 /* RollPlatformNotice */ = {
			isa = PBXGroup;
			children = (
				EA2EA75F1FECCE8700F80995 /* WKModuleRollPlatformNoticeDataSource.m */,
				EA2EA7601FECCE8700F80995 /* WKModuleRollPlatformNoticeDataSource.h */,
				EA2EA7751FECE72100F80995 /* WKModuleRollPlatformNoticeCell.h */,
				EA2EA7761FECE72100F80995 /* WKModuleRollPlatformNoticeCell.m */,
				EA2EA7771FECE72100F80995 /* WKModuleRollPlatformNoticeCell.xib */,
				EA2EA77A1FECE8B300F80995 /* WKModuleRollPlatformNoticeCellHelper.h */,
				EA2EA77B1FECE8B300F80995 /* WKModuleRollPlatformNoticeCellHelper.m */,
			);
			path = RollPlatformNotice;
			sourceTree = "<group>";
		};
		EA2EA7611FECCE8700F80995 /* Banner */ = {
			isa = PBXGroup;
			children = (
				EAFA21C01FC2E0720044D83D /* WKCarouselBannerCellHelper.h */,
				EAFA21C11FC2E0720044D83D /* WKCarouselBannerCellHelper.m */,
				EA2EA7621FECCE8700F80995 /* WKModuleBannerDataSource.m */,
				EA2EA7631FECCE8700F80995 /* WKModuleBannerDataSource.h */,
				EA2EA7701FECE5B100F80995 /* WKCarouselBannerCell.h */,
				EA2EA7711FECE5B100F80995 /* WKCarouselBannerCell.m */,
				EA2EA7721FECE5B100F80995 /* WKCarouselBannerCell.xib */,
			);
			path = Banner;
			sourceTree = "<group>";
		};
		EA2EA7691FECDAB000F80995 /* Units */ = {
			isa = PBXGroup;
			children = (
				EA2EA76A1FECDAB000F80995 /* Views */,
			);
			path = Units;
			sourceTree = "<group>";
		};
		EA2EA76A1FECDAB000F80995 /* Views */ = {
			isa = PBXGroup;
			children = (
				EA2EA76B1FECDADC00F80995 /* WKModuleTitleReusableView.h */,
				EA2EA76C1FECDADC00F80995 /* WKModuleTitleReusableView.m */,
			);
			path = Views;
			sourceTree = "<group>";
		};
		EA2EA7821FED054000F80995 /* module */ = {
			isa = PBXGroup;
			children = (
				EA2EA7831FED054000F80995 /* wk_home_btnbg@2x.png */,
				EA2EA7841FED054000F80995 /* wk_home_btnbg@3x.png */,
			);
			path = module;
			sourceTree = "<group>";
		};
		EAF7EEE61FBE833500E087C0 = {
			isa = PBXGroup;
			children = (
				EAF7EEF11FBE833500E087C0 /* WKFinanceDemo */,
				EAF7EEF01FBE833500E087C0 /* Products */,
				58F42D17B6CF176A8AFDB075 /* Pods */,
				08E2392B6D759A84823D7656 /* Frameworks */,
			);
			sourceTree = "<group>";
		};
		EAF7EEF01FBE833500E087C0 /* Products */ = {
			isa = PBXGroup;
			children = (
				EAF7EEEF1FBE833500E087C0 /* WKFinanceDemo.app */,
			);
			name = Products;
			sourceTree = "<group>";
		};
		EAF7EEF11FBE833500E087C0 /* WKFinanceDemo */ = {
			isa = PBXGroup;
			children = (
				EAFA21A61FC2E0720044D83D /* WKFinance */,
				EAF7EEF21FBE833500E087C0 /* AppDelegate.h */,
				EAF7EEF31FBE833500E087C0 /* AppDelegate.m */,
				EAF7EEF81FBE833500E087C0 /* Main.storyboard */,
				EAF7EEFB1FBE833500E087C0 /* Assets.xcassets */,
				EAF7EEFD1FBE833500E087C0 /* LaunchScreen.storyboard */,
				EAF7EF001FBE833500E087C0 /* Info.plist */,
				EAF7EF011FBE833500E087C0 /* main.m */,
			);
			path = WKFinanceDemo;
			sourceTree = "<group>";
		};
		EAFA21A61FC2E0720044D83D /* WKFinance */ = {
			isa = PBXGroup;
			children = (
				EAFA21A71FC2E0720044D83D /* Classes */,
				EAFA21DC1FC2E0720044D83D /* Expand */,
				EAFA21ED1FC2E0720044D83D /* Resources */,
			);
			path = WKFinance;
			sourceTree = "<group>";
		};
		EAFA21A71FC2E0720044D83D /* Classes */ = {
			isa = PBXGroup;
			children = (
				EA2EA7321FEBAE2E00F80995 /* ModuleBasic */,
				EAFA21A81FC2E0720044D83D /* Finance */,
				EAFA21AB1FC2E0720044D83D /* Home */,
				EAFA21D51FC2E0720044D83D /* Mine */,
				EAFA21D81FC2E0720044D83D /* Others */,
			);
			path = Classes;
			sourceTree = "<group>";
		};
		EAFA21A81FC2E0720044D83D /* Finance */ = {
			isa = PBXGroup;
			children = (
				EAFA21A91FC2E0720044D83D /* WKFinanceController.h */,
				EAFA21AA1FC2E0720044D83D /* WKFinanceController.m */,
			);
			path = Finance;
			sourceTree = "<group>";
		};
		EAFA21AB1FC2E0720044D83D /* Home */ = {
			isa = PBXGroup;
			children = (
				EAFA21AC1FC2E0720044D83D /* Cells */,
				EAFA21BF1FC2E0720044D83D /* Helpers */,
				EAFA21CC1FC2E0720044D83D /* Views */,
				EAFA21D11FC2E0720044D83D /* WKHomeController.h */,
				EAFA21D21FC2E0720044D83D /* WKHomeController.m */,
				EAFA21D31FC2E0720044D83D /* WKHomeControllerHelper.h */,
				EAFA21D41FC2E0720044D83D /* WKHomeControllerHelper.m */,
			);
			path = Home;
			sourceTree = "<group>";
		};
		EAFA21AC1FC2E0720044D83D /* Cells */ = {
			isa = PBXGroup;
			children = (
				EAFA21B01FC2E0720044D83D /* WKGeneralProductCell.h */,
				EAFA21B11FC2E0720044D83D /* WKGeneralProductCell.m */,
				EAFA21B21FC2E0720044D83D /* WKGeneralProductCell.xib */,
				EAFA21B31FC2E0720044D83D /* WKHomeLargeTitleCell.h */,
				EAFA21B41FC2E0720044D83D /* WKHomeLargeTitleCell.m */,
				EAFA21B51FC2E0720044D83D /* WKHomeLargeTitleCell.xib */,
				EAFA21B61FC2E0720044D83D /* WKHomeSafeCell.h */,
				EAFA21B71FC2E0720044D83D /* WKHomeSafeCell.m */,
				EAFA21B81FC2E0720044D83D /* WKHomeSafeCell.xib */,
				EAFA21B91FC2E0720044D83D /* WKNewUserProductCell.h */,
				EAFA21BA1FC2E0720044D83D /* WKNewUserProductCell.m */,
				EAFA21BB1FC2E0720044D83D /* WKNewUserProductCell.xib */,
			);
			path = Cells;
			sourceTree = "<group>";
		};
		EAFA21BF1FC2E0720044D83D /* Helpers */ = {
			isa = PBXGroup;
			children = (
				EAFA21C21FC2E0720044D83D /* WKGeneralProductCellHelper.h */,
				EAFA21C31FC2E0720044D83D /* WKGeneralProductCellHelper.m */,
				EAFA21C41FC2E0720044D83D /* WKHomeLargeTitleCellHelper.h */,
				EAFA21C51FC2E0720044D83D /* WKHomeLargeTitleCellHelper.m */,
				EAFA21C61FC2E0720044D83D /* WKHomeSafeCellHelper.h */,
				EAFA21C71FC2E0720044D83D /* WKHomeSafeCellHelper.m */,
			);
			path = Helpers;
			sourceTree = "<group>";
		};
		EAFA21CC1FC2E0720044D83D /* Views */ = {
			isa = PBXGroup;
			children = (
				EAFA21CD1FC2E0720044D83D /* WKHomeProductProgress.h */,
				EAFA21CE1FC2E0720044D83D /* WKHomeProductProgress.m */,
				EAFA21CF1FC2E0720044D83D /* WKHomeTagsView.h */,
				EAFA21D01FC2E0720044D83D /* WKHomeTagsView.m */,
			);
			path = Views;
			sourceTree = "<group>";
		};
		EAFA21D51FC2E0720044D83D /* Mine */ = {
			isa = PBXGroup;
			children = (
				EAFA21D61FC2E0720044D83D /* WKMineController.h */,
				EAFA21D71FC2E0720044D83D /* WKMineController.m */,
			);
			path = Mine;
			sourceTree = "<group>";
		};
		EAFA21D81FC2E0720044D83D /* Others */ = {
			isa = PBXGroup;
			children = (
				EA2BA0AF1FF0DA2600768E2F /* Unit */,
				EAFA21D91FC2E0720044D83D /* Basic */,
			);
			path = Others;
			sourceTree = "<group>";
		};
		EAFA21D91FC2E0720044D83D /* Basic */ = {
			isa = PBXGroup;
			children = (
				EAFA21DA1FC2E0720044D83D /* WKBasicController.h */,
				EAFA21DB1FC2E0720044D83D /* WKBasicController.m */,
			);
			path = Basic;
			sourceTree = "<group>";
		};
		EAFA21DC1FC2E0720044D83D /* Expand */ = {
			isa = PBXGroup;
			children = (
				EAFA21DD1FC2E0720044D83D /* Category */,
				EAFA21E81FC2E0720044D83D /* Network */,
				EA2EA7311FEBADC200F80995 /* WKFinanceConstant.h */,
			);
			path = Expand;
			sourceTree = "<group>";
		};
		EAFA21DD1FC2E0720044D83D /* Category */ = {
			isa = PBXGroup;
			children = (
				EA2EA73C1FEBB5AC00F80995 /* UIScrollView+WKRefresh.h */,
				EA2EA73D1FEBB5AD00F80995 /* UIScrollView+WKRefresh.m */,
				EAFA21DE1FC2E0720044D83D /* DataItemResult+WK.h */,
				EAFA21DF1FC2E0720044D83D /* DataItemResult+WK.m */,
				EAFA21E01FC2E0720044D83D /* NSDictionary+WKRealValue.h */,
				EAFA21E11FC2E0720044D83D /* NSDictionary+WKRealValue.m */,
				EAFA21E21FC2E0720044D83D /* NSString+WK.h */,
				EAFA21E31FC2E0720044D83D /* NSString+WK.m */,
				EAFA21E41FC2E0720044D83D /* UILabel+WK.h */,
				EAFA21E51FC2E0720044D83D /* UILabel+WK.m */,
				EAFA21E61FC2E0720044D83D /* UIView+WKLayout.h */,
				EAFA21E71FC2E0720044D83D /* UIView+WKLayout.m */,
				EA2EA7291FEBABF200F80995 /* UIColor+WK.h */,
				EA2EA72A1FEBABF200F80995 /* UIColor+WK.m */,
			);
			path = Category;
			sourceTree = "<group>";
		};
		EAFA21E81FC2E0720044D83D /* Network */ = {
			isa = PBXGroup;
			children = (
				EAFA21E91FC2E0720044D83D /* WKHomeHttpLoader.h */,
				EAFA21EA1FC2E0720044D83D /* WKHomeHttpLoader.m */,
				EAFA21EB1FC2E0720044D83D /* WKHomeHttpProcess.h */,
				EAFA21EC1FC2E0720044D83D /* WKHomeHttpProcess.m */,
			);
			path = Network;
			sourceTree = "<group>";
		};
		EAFA21ED1FC2E0720044D83D /* Resources */ = {
			isa = PBXGroup;
			children = (
				EAFA21EE1FC2E0720044D83D /* Home */,
				EAFA21F41FC2E0720044D83D /* Tabbar */,
			);
			path = Resources;
			sourceTree = "<group>";
		};
		EAFA21EE1FC2E0720044D83D /* Home */ = {
			isa = PBXGroup;
			children = (
				EA2BA0B41FF0DDE400768E2F /* wk_module_newad@2x.png */,
				EA2BA0B31FF0DDE300768E2F /* wk_module_newad@3x.png */,
				EA2BA0A71FF0D5C100768E2F /* wk_module_platform@2x.png */,
				EA2BA0A81FF0D5C100768E2F /* wk_module_platform@3x.png */,
				EA2BA0A91FF0D5C100768E2F /* wk_module_safelogo@2x.png */,
				EA2BA0AA1FF0D5C100768E2F /* wk_module_safelogo@3x.png */,
				EA2EA7821FED054000F80995 /* module */,
				EAFA21EF1FC2E0720044D83D /* wk_ notice.png */,
			);
			path = Home;
			sourceTree = "<group>";
		};
		EAFA21F41FC2E0720044D83D /* Tabbar */ = {
			isa = PBXGroup;
			children = (
				EAFA21F51FC2E0720044D83D /* wk_ finance.png */,
				EAFA21F61FC2E0720044D83D /* wk_ finance@2x.png */,
				EAFA21F71FC2E0720044D83D /* wk_ finance_highlight.png */,
				EAFA21F81FC2E0720044D83D /* wk_ finance_highlight@2x.png */,
				EAFA21F91FC2E0720044D83D /* wk_home.png */,
				EAFA21FA1FC2E0720044D83D /* wk_home@2x.png */,
				EAFA21FB1FC2E0720044D83D /* wk_home_highlight.png */,
				EAFA21FC1FC2E0720044D83D /* wk_home_highlight@2x.png */,
				EAFA21FD1FC2E0720044D83D /* wk_mine.png */,
				EAFA21FE1FC2E0720044D83D /* wk_mine@2x.png */,
				EAFA21FF1FC2E0720044D83D /* wk_mine_highlight.png */,
				EAFA22001FC2E0720044D83D /* wk_mine_highlight@2x.png */,
			);
			path = Tabbar;
			sourceTree = "<group>";
		};
/* End PBXGroup section */

/* Begin PBXNativeTarget section */
		EAF7EEEE1FBE833500E087C0 /* WKFinanceDemo */ = {
			isa = PBXNativeTarget;
			buildConfigurationList = EAF7EF051FBE833500E087C0 /* Build configuration list for PBXNativeTarget "WKFinanceDemo" */;
			buildPhases = (
				3838751645C799550BD5E656 /* [CP] Check Pods Manifest.lock */,
				EAF7EEEB1FBE833500E087C0 /* Sources */,
				EAF7EEEC1FBE833500E087C0 /* Frameworks */,
				EAF7EEED1FBE833500E087C0 /* Resources */,
				58B603A2FF84A32678AA148A /* [CP] Embed Pods Frameworks */,
				825030B2F108D67A03C988D9 /* [CP] Copy Pods Resources */,
			);
			buildRules = (
			);
			dependencies = (
			);
			name = WKFinanceDemo;
			productName = WKFinanceDemo;
			productReference = EAF7EEEF1FBE833500E087C0 /* WKFinanceDemo.app */;
			productType = "com.apple.product-type.application";
		};
/* End PBXNativeTarget section */

/* Begin PBXProject section */
		EAF7EEE71FBE833500E087C0 /* Project object */ = {
			isa = PBXProject;
			attributes = {
				CLASSPREFIX = WK;
				LastUpgradeCheck = 0900;
				ORGANIZATIONNAME = wangkun;
				TargetAttributes = {
					EAF7EEEE1FBE833500E087C0 = {
						CreatedOnToolsVersion = 9.0.1;
						ProvisioningStyle = Automatic;
					};
				};
			};
			buildConfigurationList = EAF7EEEA1FBE833500E087C0 /* Build configuration list for PBXProject "WKFinanceDemo" */;
			compatibilityVersion = "Xcode 8.0";
			developmentRegion = en;
			hasScannedForEncodings = 0;
			knownRegions = (
				en,
				Base,
			);
			mainGroup = EAF7EEE61FBE833500E087C0;
			productRefGroup = EAF7EEF01FBE833500E087C0 /* Products */;
			projectDirPath = "";
			projectRoot = "";
			targets = (
				EAF7EEEE1FBE833500E087C0 /* WKFinanceDemo */,
			);
		};
/* End PBXProject section */

/* Begin PBXResourcesBuildPhase section */
		EAF7EEED1FBE833500E087C0 /* Resources */ = {
			isa = PBXResourcesBuildPhase;
			buildActionMask = 2147483647;
			files = (
				EA2BA0AB1FF0D5C200768E2F /* wk_module_platform@2x.png in Resources */,
				EA2EA7861FED054100F80995 /* wk_home_btnbg@3x.png in Resources */,
				EA2BA0A61FF0C29F00768E2F /* WKModulePlatformIntroCell.xib in Resources */,
				EA2BA0C71FF0ED1F00768E2F /* WKModuleProductCell.xib in Resources */,
				EAF7EEFF1FBE833500E087C0 /* LaunchScreen.storyboard in Resources */,
				EAFA222D1FC2E0720044D83D /* wk_home_highlight@2x.png in Resources */,
				EAFA22271FC2E0720044D83D /* wk_ finance@2x.png in Resources */,
				EAFA222B1FC2E0720044D83D /* wk_home@2x.png in Resources */,
				EA2BA0B51FF0DDE500768E2F /* wk_module_newad@3x.png in Resources */,
				EA2BA0B61FF0DDE500768E2F /* wk_module_newad@2x.png in Resources */,
				EA2BA0D01FF0F26900768E2F /* WKModuleBottomTipCell.xib in Resources */,
				EAFA22291FC2E0720044D83D /* wk_ finance_highlight@2x.png in Resources */,
				EAFA22091FC2E0720044D83D /* WKHomeSafeCell.xib in Resources */,
				EAF7EEFC1FBE833500E087C0 /* Assets.xcassets in Resources */,
				EAF7EEFA1FBE833500E087C0 /* Main.storyboard in Resources */,
				EA2EA7741FECE5B100F80995 /* WKCarouselBannerCell.xib in Resources */,
				EAFA22261FC2E0720044D83D /* wk_ finance.png in Resources */,
				EAFA22071FC2E0720044D83D /* WKHomeLargeTitleCell.xib in Resources */,
				EAFA220B1FC2E0720044D83D /* WKNewUserProductCell.xib in Resources */,
				EAFA222E1FC2E0720044D83D /* wk_mine.png in Resources */,
				EA2EA7811FECEADC00F80995 /* WKModuleNewUserProductCell.xib in Resources */,
				EAFA22301FC2E0720044D83D /* wk_mine_highlight.png in Resources */,
				EA2BA0AC1FF0D5C200768E2F /* wk_module_platform@3x.png in Resources */,
				EAFA22211FC2E0720044D83D /* wk_ notice.png in Resources */,
				EA2BA0BF1FF0DEF400768E2F /* WKModuleAdImageCell.xib in Resources */,
				EAFA22311FC2E0720044D83D /* wk_mine_highlight@2x.png in Resources */,
				EAFA222A1FC2E0720044D83D /* wk_home.png in Resources */,
				EAFA222C1FC2E0720044D83D /* wk_home_highlight.png in Resources */,
				EA2BA0AE1FF0D5C200768E2F /* wk_module_safelogo@3x.png in Resources */,
				EAFA222F1FC2E0720044D83D /* wk_mine@2x.png in Resources */,
				EAFA22281FC2E0720044D83D /* wk_ finance_highlight.png in Resources */,
				EA2EA7791FECE72100F80995 /* WKModuleRollPlatformNoticeCell.xib in Resources */,
				EAFA22051FC2E0720044D83D /* WKGeneralProductCell.xib in Resources */,
				EA2EA7851FED054100F80995 /* wk_home_btnbg@2x.png in Resources */,
				EA2BA0AD1FF0D5C200768E2F /* wk_module_safelogo@2x.png in Resources */,
			);
			runOnlyForDeploymentPostprocessing = 0;
		};
/* End PBXResourcesBuildPhase section */

/* Begin PBXShellScriptBuildPhase section */
		3838751645C799550BD5E656 /* [CP] Check Pods Manifest.lock */ = {
			isa = PBXShellScriptBuildPhase;
			buildActionMask = 2147483647;
			files = (
			);
			inputPaths = (
				"${PODS_PODFILE_DIR_PATH}/Podfile.lock",
				"${PODS_ROOT}/Manifest.lock",
			);
			name = "[CP] Check Pods Manifest.lock";
			outputPaths = (
				"$(DERIVED_FILE_DIR)/Pods-WKFinanceDemo-checkManifestLockResult.txt",
			);
			runOnlyForDeploymentPostprocessing = 0;
			shellPath = /bin/sh;
			shellScript = "diff \"${PODS_PODFILE_DIR_PATH}/Podfile.lock\" \"${PODS_ROOT}/Manifest.lock\" > /dev/null\nif [ $? != 0 ] ; then\n    # print error to STDERR\n    echo \"error: The sandbox is not in sync with the Podfile.lock. Run 'pod install' or update your CocoaPods installation.\" >&2\n    exit 1\nfi\n# This output is used by Xcode 'outputs' to avoid re-running this script phase.\necho \"SUCCESS\" > \"${SCRIPT_OUTPUT_FILE_0}\"\n";
			showEnvVarsInLog = 0;
		};
		58B603A2FF84A32678AA148A /* [CP] Embed Pods Frameworks */ = {
			isa = PBXShellScriptBuildPhase;
			buildActionMask = 2147483647;
			files = (
			);
			inputPaths = (
			);
			name = "[CP] Embed Pods Frameworks";
			outputPaths = (
			);
			runOnlyForDeploymentPostprocessing = 0;
			shellPath = /bin/sh;
			shellScript = "\"${SRCROOT}/Pods/Target Support Files/Pods-WKFinanceDemo/Pods-WKFinanceDemo-frameworks.sh\"\n";
			showEnvVarsInLog = 0;
		};
		825030B2F108D67A03C988D9 /* [CP] Copy Pods Resources */ = {
			isa = PBXShellScriptBuildPhase;
			buildActionMask = 2147483647;
			files = (
			);
			inputPaths = (
				"${SRCROOT}/Pods/Target Support Files/Pods-WKFinanceDemo/Pods-WKFinanceDemo-resources.sh",
				"${PODS_ROOT}/MJRefresh/MJRefresh/MJRefresh.bundle",
			);
			name = "[CP] Copy Pods Resources";
			outputPaths = (
				"${TARGET_BUILD_DIR}/${UNLOCALIZED_RESOURCES_FOLDER_PATH}",
			);
			runOnlyForDeploymentPostprocessing = 0;
			shellPath = /bin/sh;
			shellScript = "\"${SRCROOT}/Pods/Target Support Files/Pods-WKFinanceDemo/Pods-WKFinanceDemo-resources.sh\"\n";
			showEnvVarsInLog = 0;
		};
/* End PBXShellScriptBuildPhase section */

/* Begin PBXSourcesBuildPhase section */
		EAF7EEEB1FBE833500E087C0 /* Sources */ = {
			isa = PBXSourcesBuildPhase;
			buildActionMask = 2147483647;
			files = (
				EA2EA77C1FECE8B300F80995 /* WKModuleRollPlatformNoticeCellHelper.m in Sources */,
				EA2BA0CB1FF0F23B00768E2F /* WKModuleBottomTipDataSource.m in Sources */,
				EAFA221D1FC2E0720044D83D /* UILabel+WK.m in Sources */,
				EAFA22181FC2E0720044D83D /* WKMineController.m in Sources */,
				EA2EA7641FECCE8700F80995 /* WKModuleProductDataSource.m in Sources */,
				EAFA221E1FC2E0720044D83D /* UIView+WKLayout.m in Sources */,
				EA2EA7661FECCE8700F80995 /* WKModuleNewUserProductDataSource.m in Sources */,
				EA2EA7651FECCE8700F80995 /* WKModulePlatformIntroDataSource.m in Sources */,
				EA2EA7801FECEADC00F80995 /* WKModuleNewUserProductCell.m in Sources */,
				EAFA22041FC2E0720044D83D /* WKGeneralProductCell.m in Sources */,
				EAFA22081FC2E0720044D83D /* WKHomeSafeCell.m in Sources */,
				EA2BA0BE1FF0DEF400768E2F /* WKModuleAdImageCell.m in Sources */,
				EA2BA0CF1FF0F26900768E2F /* WKModuleBottomTipCell.m in Sources */,
				EAFA220F1FC2E0720044D83D /* WKGeneralProductCellHelper.m in Sources */,
				EAFA22141FC2E0720044D83D /* WKHomeProductProgress.m in Sources */,
				EA2EA7381FEBAE8400F80995 /* WKModuleBasicControllerHelper.m in Sources */,
				EAFA22121FC2E0720044D83D /* WKNewUserProductCellHelper.m in Sources */,
				EA2EA72B1FEBABF200F80995 /* UIColor+WK.m in Sources */,
				EAFA22201FC2E0720044D83D /* WKHomeHttpProcess.m in Sources */,
				EA2EA7681FECCE8700F80995 /* WKModuleBannerDataSource.m in Sources */,
				EAFA22061FC2E0720044D83D /* WKHomeLargeTitleCell.m in Sources */,
				EA2BA0B21FF0DA4200768E2F /* WKUserInfoManager.m in Sources */,
				EA2EA73E1FEBB5AD00F80995 /* UIScrollView+WKRefresh.m in Sources */,
				EAF7EF021FBE833500E087C0 /* main.m in Sources */,
				EA2EA73B1FEBB00B00F80995 /* WKModuleBasicProtocol.m in Sources */,
				EA2BA0BA1FF0DE7A00768E2F /* WKModuleAdImageDataSource.m in Sources */,
				EAFA22171FC2E0720044D83D /* WKHomeControllerHelper.m in Sources */,
				EA2BA0C61FF0ED1F00768E2F /* WKModuleProductCell.m in Sources */,
				EAFA22011FC2E0720044D83D /* WKFinanceController.m in Sources */,
				EA2BA0C21FF0DF7600768E2F /* WKModuleAdImageCellHelper.m in Sources */,
				EAFA220E1FC2E0720044D83D /* WKCarouselBannerCellHelper.m in Sources */,
				EAFA22101FC2E0720044D83D /* WKHomeLargeTitleCellHelper.m in Sources */,
				EAFA22151FC2E0720044D83D /* WKHomeTagsView.m in Sources */,
				EAFA221C1FC2E0720044D83D /* NSString+WK.m in Sources */,
				EAFA221B1FC2E0720044D83D /* NSDictionary+WKRealValue.m in Sources */,
				EA2BA0D61FF0FF4300768E2F /* WKModuleProductCellHelper.m in Sources */,
				EA2EA7781FECE72100F80995 /* WKModuleRollPlatformNoticeCell.m in Sources */,
				EA2BA0D31FF0F2AC00768E2F /* WKModuleBottomTipCellHelper.m in Sources */,
				EAFA220A1FC2E0720044D83D /* WKNewUserProductCell.m in Sources */,
				EA2BA0A51FF0C29F00768E2F /* WKModulePlatformIntroCell.m in Sources */,
				EA2EA7411FECA9FC00F80995 /* WKModuleConstant.m in Sources */,
				EAF7EEF41FBE833500E087C0 /* AppDelegate.m in Sources */,
				EA2EA7731FECE5B100F80995 /* WKCarouselBannerCell.m in Sources */,
				EAFA22111FC2E0720044D83D /* WKHomeSafeCellHelper.m in Sources */,
				EAFA22161FC2E0720044D83D /* WKHomeController.m in Sources */,
				EA2EA76E1FECDADC00F80995 /* WKModuleTitleReusableView.m in Sources */,
				EA2EA7671FECCE8700F80995 /* WKModuleRollPlatformNoticeDataSource.m in Sources */,
				EA2EA7441FECAD5A00F80995 /* WKModuleHandler.m in Sources */,
				EA2EA7351FEBAE4700F80995 /* WKModuleBasicController.m in Sources */,
				EAFA221A1FC2E0720044D83D /* DataItemResult+WK.m in Sources */,
				EAFA221F1FC2E0720044D83D /* WKHomeHttpLoader.m in Sources */,
				EAFA22191FC2E0720044D83D /* WKBasicController.m in Sources */,
			);
			runOnlyForDeploymentPostprocessing = 0;
		};
/* End PBXSourcesBuildPhase section */

/* Begin PBXVariantGroup section */
		EAF7EEF81FBE833500E087C0 /* Main.storyboard */ = {
			isa = PBXVariantGroup;
			children = (
				EAF7EEF91FBE833500E087C0 /* Base */,
			);
			name = Main.storyboard;
			sourceTree = "<group>";
		};
		EAF7EEFD1FBE833500E087C0 /* LaunchScreen.storyboard */ = {
			isa = PBXVariantGroup;
			children = (
				EAF7EEFE1FBE833500E087C0 /* Base */,
			);
			name = LaunchScreen.storyboard;
			sourceTree = "<group>";
		};
/* End PBXVariantGroup section */

/* Begin XCBuildConfiguration section */
		EAF7EF031FBE833500E087C0 /* Debug */ = {
			isa = XCBuildConfiguration;
			buildSettings = {
				ALWAYS_SEARCH_USER_PATHS = NO;
				CLANG_ANALYZER_NONNULL = YES;
				CLANG_ANALYZER_NUMBER_OBJECT_CONVERSION = YES_AGGRESSIVE;
				CLANG_CXX_LANGUAGE_STANDARD = "gnu++14";
				CLANG_CXX_LIBRARY = "libc++";
				CLANG_ENABLE_MODULES = YES;
				CLANG_ENABLE_OBJC_ARC = YES;
				CLANG_WARN_BLOCK_CAPTURE_AUTORELEASING = YES;
				CLANG_WARN_BOOL_CONVERSION = YES;
				CLANG_WARN_COMMA = YES;
				CLANG_WARN_CONSTANT_CONVERSION = YES;
				CLANG_WARN_DIRECT_OBJC_ISA_USAGE = YES_ERROR;
				CLANG_WARN_DOCUMENTATION_COMMENTS = YES;
				CLANG_WARN_EMPTY_BODY = YES;
				CLANG_WARN_ENUM_CONVERSION = YES;
				CLANG_WARN_INFINITE_RECURSION = YES;
				CLANG_WARN_INT_CONVERSION = YES;
				CLANG_WARN_NON_LITERAL_NULL_CONVERSION = YES;
				CLANG_WARN_OBJC_LITERAL_CONVERSION = YES;
				CLANG_WARN_OBJC_ROOT_CLASS = YES_ERROR;
				CLANG_WARN_RANGE_LOOP_ANALYSIS = YES;
				CLANG_WARN_STRICT_PROTOTYPES = YES;
				CLANG_WARN_SUSPICIOUS_MOVE = YES;
				CLANG_WARN_UNGUARDED_AVAILABILITY = YES_AGGRESSIVE;
				CLANG_WARN_UNREACHABLE_CODE = YES;
				CLANG_WARN__DUPLICATE_METHOD_MATCH = YES;
				CODE_SIGN_IDENTITY = "iPhone Developer";
				COPY_PHASE_STRIP = NO;
				DEBUG_INFORMATION_FORMAT = dwarf;
				ENABLE_STRICT_OBJC_MSGSEND = YES;
				ENABLE_TESTABILITY = YES;
				GCC_C_LANGUAGE_STANDARD = gnu11;
				GCC_DYNAMIC_NO_PIC = NO;
				GCC_NO_COMMON_BLOCKS = YES;
				GCC_OPTIMIZATION_LEVEL = 0;
				GCC_PREPROCESSOR_DEFINITIONS = (
					"DEBUG=1",
					"$(inherited)",
				);
				GCC_WARN_64_TO_32_BIT_CONVERSION = YES;
				GCC_WARN_ABOUT_RETURN_TYPE = YES_ERROR;
				GCC_WARN_UNDECLARED_SELECTOR = YES;
				GCC_WARN_UNINITIALIZED_AUTOS = YES_AGGRESSIVE;
				GCC_WARN_UNUSED_FUNCTION = YES;
				GCC_WARN_UNUSED_VARIABLE = YES;
				IPHONEOS_DEPLOYMENT_TARGET = 11.0;
				MTL_ENABLE_DEBUG_INFO = YES;
				ONLY_ACTIVE_ARCH = YES;
				SDKROOT = iphoneos;
			};
			name = Debug;
		};
		EAF7EF041FBE833500E087C0 /* Release */ = {
			isa = XCBuildConfiguration;
			buildSettings = {
				ALWAYS_SEARCH_USER_PATHS = NO;
				CLANG_ANALYZER_NONNULL = YES;
				CLANG_ANALYZER_NUMBER_OBJECT_CONVERSION = YES_AGGRESSIVE;
				CLANG_CXX_LANGUAGE_STANDARD = "gnu++14";
				CLANG_CXX_LIBRARY = "libc++";
				CLANG_ENABLE_MODULES = YES;
				CLANG_ENABLE_OBJC_ARC = YES;
				CLANG_WARN_BLOCK_CAPTURE_AUTORELEASING = YES;
				CLANG_WARN_BOOL_CONVERSION = YES;
				CLANG_WARN_COMMA = YES;
				CLANG_WARN_CONSTANT_CONVERSION = YES;
				CLANG_WARN_DIRECT_OBJC_ISA_USAGE = YES_ERROR;
				CLANG_WARN_DOCUMENTATION_COMMENTS = YES;
				CLANG_WARN_EMPTY_BODY = YES;
				CLANG_WARN_ENUM_CONVERSION = YES;
				CLANG_WARN_INFINITE_RECURSION = YES;
				CLANG_WARN_INT_CONVERSION = YES;
				CLANG_WARN_NON_LITERAL_NULL_CONVERSION = YES;
				CLANG_WARN_OBJC_LITERAL_CONVERSION = YES;
				CLANG_WARN_OBJC_ROOT_CLASS = YES_ERROR;
				CLANG_WARN_RANGE_LOOP_ANALYSIS = YES;
				CLANG_WARN_STRICT_PROTOTYPES = YES;
				CLANG_WARN_SUSPICIOUS_MOVE = YES;
				CLANG_WARN_UNGUARDED_AVAILABILITY = YES_AGGRESSIVE;
				CLANG_WARN_UNREACHABLE_CODE = YES;
				CLANG_WARN__DUPLICATE_METHOD_MATCH = YES;
				CODE_SIGN_IDENTITY = "iPhone Developer";
				COPY_PHASE_STRIP = NO;
				DEBUG_INFORMATION_FORMAT = "dwarf-with-dsym";
				ENABLE_NS_ASSERTIONS = NO;
				ENABLE_STRICT_OBJC_MSGSEND = YES;
				GCC_C_LANGUAGE_STANDARD = gnu11;
				GCC_NO_COMMON_BLOCKS = YES;
				GCC_WARN_64_TO_32_BIT_CONVERSION = YES;
				GCC_WARN_ABOUT_RETURN_TYPE = YES_ERROR;
				GCC_WARN_UNDECLARED_SELECTOR = YES;
				GCC_WARN_UNINITIALIZED_AUTOS = YES_AGGRESSIVE;
				GCC_WARN_UNUSED_FUNCTION = YES;
				GCC_WARN_UNUSED_VARIABLE = YES;
				IPHONEOS_DEPLOYMENT_TARGET = 11.0;
				MTL_ENABLE_DEBUG_INFO = NO;
				SDKROOT = iphoneos;
				VALIDATE_PRODUCT = YES;
			};
			name = Release;
		};
		EAF7EF061FBE833500E087C0 /* Debug */ = {
			isa = XCBuildConfiguration;
			baseConfigurationReference = C2E04539465584E901D0C18C /* Pods-WKFinanceDemo.debug.xcconfig */;
			buildSettings = {
				ASSETCATALOG_COMPILER_APPICON_NAME = AppIcon;
				CODE_SIGN_STYLE = Automatic;
				INFOPLIST_FILE = WKFinanceDemo/Info.plist;
				LD_RUNPATH_SEARCH_PATHS = "$(inherited) @executable_path/Frameworks";
				PRODUCT_BUNDLE_IDENTIFIER = wangkun.WKFinanceDemo;
				PRODUCT_NAME = "$(TARGET_NAME)";
				TARGETED_DEVICE_FAMILY = "1,2";
			};
			name = Debug;
		};
		EAF7EF071FBE833500E087C0 /* Release */ = {
			isa = XCBuildConfiguration;
			baseConfigurationReference = 54951E8E841E483BDBBE74A7 /* Pods-WKFinanceDemo.release.xcconfig */;
			buildSettings = {
				ASSETCATALOG_COMPILER_APPICON_NAME = AppIcon;
				CODE_SIGN_STYLE = Automatic;
				INFOPLIST_FILE = WKFinanceDemo/Info.plist;
				LD_RUNPATH_SEARCH_PATHS = "$(inherited) @executable_path/Frameworks";
				PRODUCT_BUNDLE_IDENTIFIER = wangkun.WKFinanceDemo;
				PRODUCT_NAME = "$(TARGET_NAME)";
				TARGETED_DEVICE_FAMILY = "1,2";
			};
			name = Release;
		};
/* End XCBuildConfiguration section */

/* Begin XCConfigurationList section */
		EAF7EEEA1FBE833500E087C0 /* Build configuration list for PBXProject "WKFinanceDemo" */ = {
			isa = XCConfigurationList;
			buildConfigurations = (
				EAF7EF031FBE833500E087C0 /* Debug */,
				EAF7EF041FBE833500E087C0 /* Release */,
			);
			defaultConfigurationIsVisible = 0;
			defaultConfigurationName = Release;
		};
		EAF7EF051FBE833500E087C0 /* Build configuration list for PBXNativeTarget "WKFinanceDemo" */ = {
			isa = XCConfigurationList;
			buildConfigurations = (
				EAF7EF061FBE833500E087C0 /* Debug */,
				EAF7EF071FBE833500E087C0 /* Release */,
			);
			defaultConfigurationIsVisible = 0;
			defaultConfigurationName = Release;
		};
/* End XCConfigurationList section */
	};
	rootObject = EAF7EEE71FBE833500E087C0 /* Project object */;
}
